{
    "version": "0.5",
    "requires": [
        "zlib/1.3.1#af8f2ef3d8e0fddf1975281d7fe43bf6%1705999193.687",
        "websocketpp/0.8.2#842a0419153a8aa52f3ea3a1da557d38%1695972005.713",
        "tinygltf/2.9.0#bebe43c93b279d79cc37ae2b5e3b4e4d%1720015259.353",
        "termcap/1.3.1#1986f84bf21dd07ea774b027a3201fcb%1678542508.75",
        "swig/4.3.0#46e3b0bbf9a56b43b721a61439ce6480%1740871703.266",
        "stb/cci.20230920#9792498b81cf34a90138d239e36b0bf8%1700546289.605",
        "sqlite3/3.49.1#8631739a4c9b93bd3d6b753bac548a63%1740462952.817",
        "ruby/3.2.2#915e75b2fc09ebf92595a74c2e14e28c%1731658499.046061",
        "readline/8.2#5618fbfed2466d9dc0fa8834faf06a6a%1702837438.071",
        "pugixml/1.14#c6afdcf73d71858303d8260b0d76ff91%1696206310.014",
        "pcre2/10.43#f46febf919eafb03fb3a27ea08e7fa61%1743524591.927",
        "openssl/3.1.0#adb90207a855ebfe1f1caa88b39c4fe0%1696808387.085",
        "nlohmann_json/3.11.3#45828be26eb619a2e04ca517bb7b828d%1701220705.259",
        "minizip/1.3.1#0fe428c3789670e2a03b3ad2a941d4b7%1741858542.122",
        "libyaml/0.2.5#67a8e4c752b3a452c4796ddc90589f74%1676469565.275",
        "libxslt/1.1.37#8c0548495527cea12de08ad6212fc3ce%1703714812.414",
        "libxml2/2.11.6#41c14895baba105865cb22ecaf948115%1703682489.517",
        "libiconv/1.17#9d9082101394d053c67e95d3bc9f1e78%1701083487.832",
        "libgettext/0.22#7d52ceb5f97b1de1de8362c9b68b4385%1741893403.784",
        "libffi/3.4.4#33feb967b22d92ea0becce63bf9d5490%1764805028.297",
        "libbacktrace/cci.20210118#ec1aa63bbc10145c6a299e68e711670c%1676205469.545",
        "jsoncpp/1.9.6#c3730c7936aefa462eb6c6560a5e1fd8%1726135496.917",
        "gtest/1.16.0#4fd8d9d80636ea9504de6a0ec1ab8686%1743410803.513",
        "gmp/6.3.0#df20ffb6d21c34d67704305bcd1dea9e%1698225617.026",
        "geographiclib/2.4#f115955eacdaf87072b561425ee99c0a%1721046519.647",
        "fmt/11.1.4#1fb24f082fabe20d28606d615ba93dfb%1740729540.51",
        "cpprestsdk/2.10.19#889c41bf66e2838146eec76e3f22af8d%1701762308.51",
        "cli11/2.5.0#1b7c81ea2bff6279eb2150bbe06a200a%1741515009.124",
        "bzip2/1.0.8#457c272f7da34cb9c67456dd217d36c4%1703591832.799",
        "boost/1.86.0#ce76e7477e466d7d8cbcf738c5d64175%1736197454.755",
        "benchmark/1.9.1#73d267daf0371b7f6605edef1594a681%1736524768.274"
    ],
    "build_requires": [
        "pkgconf/2.1.0#27f44583701117b571307cf5b5fe5605%1701537936.436",
        "ninja/1.11.1#77587f8c8318662ac8e5a7867eb4be21%1684431244.21",
        "meson/1.2.2#aace9dcc1db58fa42ecb5292f724092d%1695994576.349",
        "m4/1.4.19#b38ced39a01e31fef5435bc634461fd2%1700758725.451",
        "flex/2.6.4#e35bc44b3fcbcd661e0af0dc5b5b1ad4%1674818991.113",
        "cmake/3.28.1#92f79424d7b65b12a84a2180866c3a78%1703679314.116",
        "bison/3.8.2#ed1ba0c42d2ab7ab64fc3a62e9ecc673%1688556312.342",
        "b2/5.2.1#91bc73931a0acb655947a81569ed8b80%1718416612.241",
        "automake/1.16.5#058bda3e21c36c9aa8425daf3c1faf50%1688481772.751",
        "autoconf/2.71#53be95d228b2dcb30dc199cb84262d8f%1693395343.513"
    ],
    "python_requires": [],
    "overrides": {
        "boost/1.83.0": [
            "boost/1.86.0"
        ]
    },
    "config_requires": []
}